<?xml version="1.0" encoding="utf-8"?>
<Project ToolsVersion="4.0" xmlns="http://schemas.microsoft.com/developer/msbuild/2003">
  <ItemGroup>
    <Filter Include="Fichiers de ressources">
      <UniqueIdentifier>{67DA6AB6-F800-4c08-8B7A-83BB121AAD01}</UniqueIdentifier>
      <Extensions>rc;ico;cur;bmp;dlg;rc2;rct;bin;rgs;gif;jpg;jpeg;jpe;resx;tiff;tif;png;wav;mfcribbon-ms</Extensions>
    </Filter>
    <Filter Include="sources">
      <UniqueIdentifier>{4FC737F1-C7A5-4376-A066-2A32D752A2FF}</UniqueIdentifier>
      <Extensions>cpp;c;cc;cxx;c++;cppm;ixx;def;odl;idl;hpj;bat;asm;asmx</Extensions>
    </Filter>
    <Filter Include="includes">
      <UniqueIdentifier>{93995380-89BD-4b04-88EB-625FBE52EBFB}</UniqueIdentifier>
      <Extensions>h;hh;hpp;hxx;h++;hm;inl;inc;ipp;xsd</Extensions>
    </Filter>
    <Filter Include="includes\Components">
      <UniqueIdentifier>{f659c9ce-c44e-4fdc-a567-79a918d806a4}</UniqueIdentifier>
    </Filter>
    <Filter Include="sources\Components">
      <UniqueIdentifier>{a0339d3f-7486-490b-8993-13511d9ed06a}</UniqueIdentifier>
    </Filter>
  </ItemGroup>
  <ItemGroup>
    <ClInclude Include="includes\Engine.h">
      <Filter>includes</Filter>
    </ClInclude>
    <ClInclude Include="includes\SdlInput.h">
      <Filter>includes</Filter>
    </ClInclude>
    <ClInclude Include="includes\ConsoleLogger.h">
      <Filter>includes</Filter>
    </ClInclude>
    <ClInclude Include="includes\FileLogger.h">
      <Filter>includes</Filter>
    </ClInclude>
    <ClInclude Include="includes\Color.h">
      <Filter>includes</Filter>
    </ClInclude>
    <ClInclude Include="includes\Rect.h">
      <Filter>includes</Filter>
    </ClInclude>
    <ClInclude Include="includes\SdlGraphics.h">
      <Filter>includes</Filter>
    </ClInclude>
    <ClInclude Include="includes\SdlServiceProvider.h">
      <Filter>includes</Filter>
    </ClInclude>
    <ClInclude Include="includes\SdlAudio.h">
      <Filter>includes</Filter>
    </ClInclude>
    <ClInclude Include="includes\Entity.h">
      <Filter>includes</Filter>
    </ClInclude>
    <ClInclude Include="includes\WorldService.h">
      <Filter>includes</Filter>
    </ClInclude>
    <ClInclude Include="includes\Component.h">
      <Filter>includes</Filter>
    </ClInclude>
    <ClInclude Include="includes\IUpdatable.h">
      <Filter>includes</Filter>
    </ClInclude>
    <ClInclude Include="includes\IDrawable.h">
      <Filter>includes</Filter>
    </ClInclude>
    <ClInclude Include="includes\BaseScene.h">
      <Filter>includes</Filter>
    </ClInclude>
    <ClInclude Include="includes\IWorld.h">
      <Filter>includes</Filter>
    </ClInclude>
    <ClInclude Include="includes\IInput.h">
      <Filter>includes</Filter>
    </ClInclude>
    <ClInclude Include="includes\ILogger.h">
      <Filter>includes</Filter>
    </ClInclude>
    <ClInclude Include="includes\IGraphics.h">
      <Filter>includes</Filter>
    </ClInclude>
    <ClInclude Include="includes\IAudio.h">
      <Filter>includes</Filter>
    </ClInclude>
    <ClInclude Include="includes\IServiceProvider.h">
      <Filter>includes</Filter>
    </ClInclude>
    <ClInclude Include="includes\Animation.h">
      <Filter>includes\Components</Filter>
    </ClInclude>
    <ClInclude Include="includes\Atlas.h">
      <Filter>includes\Components</Filter>
    </ClInclude>
    <ClInclude Include="includes\Script.h">
      <Filter>includes\Components</Filter>
    </ClInclude>
    <ClInclude Include="includes\Sprite.h">
      <Filter>includes\Components</Filter>
    </ClInclude>
    <ClInclude Include="includes\PhysicsObject.h">
      <Filter>includes\Components</Filter>
    </ClInclude>
    <ClInclude Include="includes\EKey.h">
      <Filter>includes</Filter>
    </ClInclude>
    <ClInclude Include="includes\MarioController.h">
      <Filter>includes\Components</Filter>
    </ClInclude>
    <ClInclude Include="includes\Canvas.h">
      <Filter>includes\Components</Filter>
    </ClInclude>
    <ClInclude Include="includes\ICollisions.h">
      <Filter>includes</Filter>
    </ClInclude>
    <ClInclude Include="includes\Collisions.h">
      <Filter>includes</Filter>
    </ClInclude>
    <ClInclude Include="includes\Collider.h">
      <Filter>includes\Components</Filter>
    </ClInclude>
    <ClInclude Include="includes\LineCollider.h">
      <Filter>includes\Components</Filter>
    </ClInclude>
    <ClInclude Include="includes\BoxCollider.h">
      <Filter>includes\Components</Filter>
    </ClInclude>
  </ItemGroup>
  <ItemGroup>
    <ClCompile Include="sources\Engine.cpp">
      <Filter>sources</Filter>
    </ClCompile>
    <ClCompile Include="sources\SdlInput.cpp">
      <Filter>sources</Filter>
    </ClCompile>
    <ClCompile Include="sources\FileLogger.cpp">
      <Filter>sources</Filter>
    </ClCompile>
    <ClCompile Include="sources\ConsoleLogger.cpp">
      <Filter>sources</Filter>
    </ClCompile>
    <ClCompile Include="sources\Color.cpp">
      <Filter>sources</Filter>
    </ClCompile>
    <ClCompile Include="sources\SdlGraphics.cpp">
      <Filter>sources</Filter>
    </ClCompile>
    <ClCompile Include="sources\SdlServiceProvider.cpp">
      <Filter>sources</Filter>
    </ClCompile>
    <ClCompile Include="sources\SdlAudio.cpp">
      <Filter>sources</Filter>
    </ClCompile>
    <ClCompile Include="sources\Entity.cpp">
      <Filter>sources</Filter>
    </ClCompile>
    <ClCompile Include="sources\WorldService.cpp">
      <Filter>sources</Filter>
    </ClCompile>
    <ClCompile Include="sources\Component.cpp">
      <Filter>sources</Filter>
    </ClCompile>
    <ClCompile Include="sources\BaseScene.cpp">
      <Filter>sources</Filter>
    </ClCompile>
    <ClCompile Include="sources\Animation.cpp">
      <Filter>sources\Components</Filter>
    </ClCompile>
    <ClCompile Include="sources\Atlas.cpp">
      <Filter>sources\Components</Filter>
    </ClCompile>
    <ClCompile Include="sources\Script.cpp">
      <Filter>sources\Components</Filter>
    </ClCompile>
    <ClCompile Include="sources\Sprite.cpp">
      <Filter>sources\Components</Filter>
    </ClCompile>
    <ClCompile Include="sources\PhysicsObject.cpp">
      <Filter>sources\Components</Filter>
    </ClCompile>
    <ClCompile Include="sources\MarioController.cpp">
      <Filter>sources\Components</Filter>
    </ClCompile>
    <ClCompile Include="sources\Canvas.cpp">
      <Filter>sources\Components</Filter>
    </ClCompile>
    <ClCompile Include="sources\Collisions.cpp">
      <Filter>sources</Filter>
    </ClCompile>
    <ClCompile Include="sources\Collider.cpp">
      <Filter>sources\Components</Filter>
    </ClCompile>
    <ClCompile Include="sources\BoxCollider.cpp">
      <Filter>sources\Components</Filter>
    </ClCompile>
    <ClCompile Include="sources\LineCollider.cpp">
      <Filter>sources\Components</Filter>
    </ClCompile>
  </ItemGroup>
</Project>